<?xml version="1.0" encoding="utf-8"?>
<Project ToolsVersion="4.0" xmlns="http://schemas.microsoft.com/developer/msbuild/2003">
  <ItemGroup>
    <Filter Include="Source Files">
      <UniqueIdentifier>{4FC737F1-C7A5-4376-A066-2A32D752A2FF}</UniqueIdentifier>
      <Extensions>cpp;c;cc;cxx;def;odl;idl;hpj;bat;asm;asmx</Extensions>
    </Filter>
    <Filter Include="Header Files">
      <UniqueIdentifier>{93995380-89BD-4b04-88EB-625FBE52EBFB}</UniqueIdentifier>
      <Extensions>h;hpp;hxx;hm;inl;inc;xsd</Extensions>
    </Filter>
    <Filter Include="Resource Files">
      <UniqueIdentifier>{67DA6AB6-F800-4c08-8B7A-83BB121AAD01}</UniqueIdentifier>
      <Extensions>rc;ico;cur;bmp;dlg;rc2;rct;bin;rgs;gif;jpg;jpeg;jpe;resx;tiff;tif;png;wav;mfcribbon-ms</Extensions>
    </Filter>
  </ItemGroup>
  <ItemGroup>
    <Text Include="ReadMe.txt" />
  </ItemGroup>
  <ItemGroup>
    <ClInclude Include="RawData.h">
      <Filter>Header Files</Filter>
    </ClInclude>
    <ClInclude Include="ProcessedData.h">
      <Filter>Header Files</Filter>
    </ClInclude>
    <ClInclude Include="FeatureVector.h">
      <Filter>Header Files</Filter>
    </ClInclude>
    <ClInclude Include="Result.h">
      <Filter>Header Files</Filter>
    </ClInclude>
    <ClInclude Include="DataProducer.h">
      <Filter>Header Files</Filter>
    </ClInclude>
    <ClInclude Include="DataProcessor.h">
      <Filter>Header Files</Filter>
    </ClInclude>
    <ClInclude Include="DataConsumer.h">
      <Filter>Header Files</Filter>
    </ClInclude>
    <ClInclude Include="FeatureExtractor.h">
      <Filter>Header Files</Filter>
    </ClInclude>
    <ClInclude Include="Classifier.h">
      <Filter>Header Files</Filter>
    </ClInclude>
    <ClInclude Include="Effector.h">
      <Filter>Header Files</Filter>
    </ClInclude>
    <ClInclude Include="MultiMediaSystem.h">
      <Filter>Header Files</Filter>
    </ClInclude>
    <ClInclude Include="MockRawData.h">
      <Filter>Header Files</Filter>
    </ClInclude>
    <ClInclude Include="MockProcessedData.h">
      <Filter>Header Files</Filter>
    </ClInclude>
    <ClInclude Include="MockFeatureVector.h">
      <Filter>Header Files</Filter>
    </ClInclude>
    <ClInclude Include="MockResult.h">
      <Filter>Header Files</Filter>
    </ClInclude>
    <ClInclude Include="MockDataProducer.h">
      <Filter>Header Files</Filter>
    </ClInclude>
    <ClInclude Include="MockDataProcessor.h">
      <Filter>Header Files</Filter>
    </ClInclude>
    <ClInclude Include="MockDataConsumer.h">
      <Filter>Header Files</Filter>
    </ClInclude>
    <ClInclude Include="MockFeatureExtractor.h">
      <Filter>Header Files</Filter>
    </ClInclude>
    <ClInclude Include="MockClassifier.h">
      <Filter>Header Files</Filter>
    </ClInclude>
    <ClInclude Include="MockEffector.h">
      <Filter>Header Files</Filter>
    </ClInclude>
    <ClInclude Include="RawImage.h">
      <Filter>Header Files</Filter>
    </ClInclude>
    <ClInclude Include="ProcessedImage.h">
      <Filter>Header Files</Filter>
    </ClInclude>
    <ClInclude Include="OCVCamera.h">
      <Filter>Header Files</Filter>
    </ClInclude>
    <ClInclude Include="ColorImageProcessor.h">
      <Filter>Header Files</Filter>
    </ClInclude>
    <ClInclude Include="ImageViewer.h">
      <Filter>Header Files</Filter>
    </ClInclude>
    <ClInclude Include="ImageCompressor.h">
      <Filter>Header Files</Filter>
    </ClInclude>
    <ClInclude Include="CompressedData.h">
      <Filter>Header Files</Filter>
    </ClInclude>
    <ClInclude Include="NetDataSender.h">
      <Filter>Header Files</Filter>
    </ClInclude>
    <ClInclude Include="NetDataReceiver.h">
      <Filter>Header Files</Filter>
    </ClInclude>
    <ClInclude Include="CompressedDataRead.h">
      <Filter>Header Files</Filter>
    </ClInclude>
    <ClInclude Include="ImageDecompressor.h">
      <Filter>Header Files</Filter>
    </ClInclude>
  </ItemGroup>
  <ItemGroup>
    <ClCompile Include="RawData.cpp">
      <Filter>Source Files</Filter>
    </ClCompile>
    <ClCompile Include="ProcessedData.cpp">
      <Filter>Source Files</Filter>
    </ClCompile>
    <ClCompile Include="FeatureVector.cpp">
      <Filter>Source Files</Filter>
    </ClCompile>
    <ClCompile Include="Result.cpp">
      <Filter>Source Files</Filter>
    </ClCompile>
    <ClCompile Include="DataProducer.cpp">
      <Filter>Source Files</Filter>
    </ClCompile>
    <ClCompile Include="DataProcessor.cpp">
      <Filter>Source Files</Filter>
    </ClCompile>
    <ClCompile Include="DataConsumer.cpp">
      <Filter>Source Files</Filter>
    </ClCompile>
    <ClCompile Include="FeatureExtractor.cpp">
      <Filter>Source Files</Filter>
    </ClCompile>
    <ClCompile Include="Classifier.cpp">
      <Filter>Source Files</Filter>
    </ClCompile>
    <ClCompile Include="Effector.cpp">
      <Filter>Source Files</Filter>
    </ClCompile>
    <ClCompile Include="MultiMediaSystem.cpp">
      <Filter>Source Files</Filter>
    </ClCompile>
    <ClCompile Include="MockRawData.cpp">
      <Filter>Source Files</Filter>
    </ClCompile>
    <ClCompile Include="MockProcessedData.cpp">
      <Filter>Source Files</Filter>
    </ClCompile>
    <ClCompile Include="MockFeatureVector.cpp">
      <Filter>Source Files</Filter>
    </ClCompile>
    <ClCompile Include="MockResult.cpp">
      <Filter>Source Files</Filter>
    </ClCompile>
    <ClCompile Include="MockDataProducer.cpp">
      <Filter>Source Files</Filter>
    </ClCompile>
    <ClCompile Include="MockDataProcessor.cpp">
      <Filter>Source Files</Filter>
    </ClCompile>
    <ClCompile Include="MockDataConsumer.cpp">
      <Filter>Source Files</Filter>
    </ClCompile>
    <ClCompile Include="MockFeatureExtractor.cpp">
      <Filter>Source Files</Filter>
    </ClCompile>
    <ClCompile Include="MockClassifier.cpp">
      <Filter>Source Files</Filter>
    </ClCompile>
    <ClCompile Include="MockEffector.cpp">
      <Filter>Source Files</Filter>
    </ClCompile>
    <ClCompile Include="RawImage.cpp">
      <Filter>Source Files</Filter>
    </ClCompile>
    <ClCompile Include="ProcessedImage.cpp">
      <Filter>Source Files</Filter>
    </ClCompile>
    <ClCompile Include="OCVCamera.cpp">
      <Filter>Source Files</Filter>
    </ClCompile>
    <ClCompile Include="ColorImageProcessor.cpp">
      <Filter>Source Files</Filter>
    </ClCompile>
    <ClCompile Include="ImageViewer.cpp">
      <Filter>Source Files</Filter>
    </ClCompile>
    <ClCompile Include="ImageCompressor.cpp">
      <Filter>Source Files</Filter>
    </ClCompile>
    <ClCompile Include="CompressedData.cpp">
      <Filter>Source Files</Filter>
    </ClCompile>
    <ClCompile Include="NetDataSender.cpp">
      <Filter>Source Files</Filter>
    </ClCompile>
    <ClCompile Include="NetDataReceiver.cpp">
      <Filter>Source Files</Filter>
    </ClCompile>
    <ClCompile Include="CompressedDataRead.cpp">
      <Filter>Source Files</Filter>
    </ClCompile>
    <ClCompile Include="ImageDecompressor.cpp">
      <Filter>Source Files</Filter>
    </ClCompile>
  </ItemGroup>
</Project>