
Microsoft Visual Studio Solution File, Format Version 12.00
# Visual Studio 2012
Project("{8BC9CEB8-8B4A-11D0-8D11-00A0C91BC942}") = "MultiMedia", "MultiMedia\MultiMedia.vcxproj", "{50C06243-0E71-4852-996E-82D33B0EF349}"
EndProject
Project("{8BC9CEB8-8B4A-11D0-8D11-00A0C91BC942}") = "MultiMediaApp", "MultiMediaApp\MultiMediaApp.vcxproj", "{8D35B321-DE12-4BE9-85A3-3B7A33BE656D}"
	ProjectSection(ProjectDependencies) = postProject
		{50C06243-0E71-4852-996E-82D33B0EF349} = {50C06243-0E71-4852-996E-82D33B0EF349}
	EndProjectSection
EndProject
Project("{F088123C-0E9E-452A-89E6-6BA2F21D5CAC}") = "MultiMediaModel", "MultiMediaModel\MultiMediaModel.modelproj", "{8B0181C5-5DF7-435C-A581-175CA18E47C6}"
EndProject
Global
	GlobalSection(SolutionConfigurationPlatforms) = preSolution
		Debug|Any CPU = Debug|Any CPU
		Debug|Mixed Platforms = Debug|Mixed Platforms
		Debug|Win32 = Debug|Win32
		Release|Any CPU = Release|Any CPU
		Release|Mixed Platforms = Release|Mixed Platforms
		Release|Win32 = Release|Win32
	EndGlobalSection
	GlobalSection(ProjectConfigurationPlatforms) = postSolution
		{50C06243-0E71-4852-996E-82D33B0EF349}.Debug|Any CPU.ActiveCfg = Debug|Win32
		{50C06243-0E71-4852-996E-82D33B0EF349}.Debug|Mixed Platforms.ActiveCfg = Debug|Win32
		{50C06243-0E71-4852-996E-82D33B0EF349}.Debug|Mixed Platforms.Build.0 = Debug|Win32
		{50C06243-0E71-4852-996E-82D33B0EF349}.Debug|Win32.ActiveCfg = Debug|Win32
		{50C06243-0E71-4852-996E-82D33B0EF349}.Debug|Win32.Build.0 = Debug|Win32
		{50C06243-0E71-4852-996E-82D33B0EF349}.Release|Any CPU.ActiveCfg = Release|Win32
		{50C06243-0E71-4852-996E-82D33B0EF349}.Release|Mixed Platforms.ActiveCfg = Release|Win32
		{50C06243-0E71-4852-996E-82D33B0EF349}.Release|Mixed Platforms.Build.0 = Release|Win32
		{50C06243-0E71-4852-996E-82D33B0EF349}.Release|Win32.ActiveCfg = Release|Win32
		{50C06243-0E71-4852-996E-82D33B0EF349}.Release|Win32.Build.0 = Release|Win32
		{8D35B321-DE12-4BE9-85A3-3B7A33BE656D}.Debug|Any CPU.ActiveCfg = Debug|Win32
		{8D35B321-DE12-4BE9-85A3-3B7A33BE656D}.Debug|Mixed Platforms.ActiveCfg = Debug|Win32
		{8D35B321-DE12-4BE9-85A3-3B7A33BE656D}.Debug|Mixed Platforms.Build.0 = Debug|Win32
		{8D35B321-DE12-4BE9-85A3-3B7A33BE656D}.Debug|Win32.ActiveCfg = Debug|Win32
		{8D35B321-DE12-4BE9-85A3-3B7A33BE656D}.Debug|Win32.Build.0 = Debug|Win32
		{8D35B321-DE12-4BE9-85A3-3B7A33BE656D}.Release|Any CPU.ActiveCfg = Release|Win32
		{8D35B321-DE12-4BE9-85A3-3B7A33BE656D}.Release|Mixed Platforms.ActiveCfg = Release|Win32
		{8D35B321-DE12-4BE9-85A3-3B7A33BE656D}.Release|Mixed Platforms.Build.0 = Release|Win32
		{8D35B321-DE12-4BE9-85A3-3B7A33BE656D}.Release|Win32.ActiveCfg = Release|Win32
		{8D35B321-DE12-4BE9-85A3-3B7A33BE656D}.Release|Win32.Build.0 = Release|Win32
		{8B0181C5-5DF7-435C-A581-175CA18E47C6}.Debug|Any CPU.ActiveCfg = Debug|Any CPU
		{8B0181C5-5DF7-435C-A581-175CA18E47C6}.Debug|Any CPU.Build.0 = Debug|Any CPU
		{8B0181C5-5DF7-435C-A581-175CA18E47C6}.Debug|Mixed Platforms.ActiveCfg = Debug|Any CPU
		{8B0181C5-5DF7-435C-A581-175CA18E47C6}.Debug|Mixed Platforms.Build.0 = Debug|Any CPU
		{8B0181C5-5DF7-435C-A581-175CA18E47C6}.Debug|Win32.ActiveCfg = Debug|Any CPU
		{8B0181C5-5DF7-435C-A581-175CA18E47C6}.Release|Any CPU.ActiveCfg = Release|Any CPU
		{8B0181C5-5DF7-435C-A581-175CA18E47C6}.Release|Any CPU.Build.0 = Release|Any CPU
		{8B0181C5-5DF7-435C-A581-175CA18E47C6}.Release|Mixed Platforms.ActiveCfg = Release|Any CPU
		{8B0181C5-5DF7-435C-A581-175CA18E47C6}.Release|Mixed Platforms.Build.0 = Release|Any CPU
		{8B0181C5-5DF7-435C-A581-175CA18E47C6}.Release|Win32.ActiveCfg = Release|Any CPU
	EndGlobalSection
	GlobalSection(SolutionProperties) = preSolution
		HideSolutionNode = FALSE
	EndGlobalSection
EndGlobal
